
Microsoft Visual Studio Solution File, Format Version 12.00
# Visual Studio Version 17
VisualStudioVersion = 17.4.33205.214
MinimumVisualStudioVersion = 10.0.40219.1
Project("{9A19103F-16F7-4668-BE54-9A1E7A4F7556}") = "ContornoRetangular", "Projetos\Contorno Retangular\ContornoRetangular.csproj", "{D8098CEC-4DE4-4B57-8899-B53FB34324C6}"
EndProject
Project("{FAE04EC0-301F-11D3-BF4B-00C04F79EFBC}") = "Furos", "Projetos\Furos\Furos.csproj", "{B8F85D10-1CFE-4571-9C88-52290BA2A86C}"
EndProject
Project("{FAE04EC0-301F-11D3-BF4B-00C04F79EFBC}") = "Contorno Circular", "Projetos\Contorno Circular\Contorno Circular.csproj", "{E7E4678F-C18B-461F-BD5C-22C83E2D73C4}"
EndProject
Project("{FAE04EC0-301F-11D3-BF4B-00C04F79EFBC}") = "TelaParaDesenho", "TelaParaDesenho\TelaParaDesenho.csproj", "{87EFE9CA-3E1A-4602-9B6D-2B638764C75E}"
EndProject
Global
	GlobalSection(SolutionConfigurationPlatforms) = preSolution
		32bits|Any CPU = 32bits|Any CPU
		32bits|ARM32 = 32bits|ARM32
		32bits|x86 = 32bits|x86
		Debug|Any CPU = Debug|Any CPU
		Debug|ARM32 = Debug|ARM32
		Debug|x86 = Debug|x86
		Release|Any CPU = Release|Any CPU
		Release|ARM32 = Release|ARM32
		Release|x86 = Release|x86
		X86|Any CPU = X86|Any CPU
		X86|ARM32 = X86|ARM32
		X86|x86 = X86|x86
	EndGlobalSection
	GlobalSection(ProjectConfigurationPlatforms) = postSolution
		{D8098CEC-4DE4-4B57-8899-B53FB34324C6}.32bits|Any CPU.ActiveCfg = 32bits|Any CPU
		{D8098CEC-4DE4-4B57-8899-B53FB34324C6}.32bits|Any CPU.Build.0 = 32bits|Any CPU
		{D8098CEC-4DE4-4B57-8899-B53FB34324C6}.32bits|ARM32.ActiveCfg = 32bits|ARM32
		{D8098CEC-4DE4-4B57-8899-B53FB34324C6}.32bits|ARM32.Build.0 = 32bits|ARM32
		{D8098CEC-4DE4-4B57-8899-B53FB34324C6}.32bits|x86.ActiveCfg = 32bits|x86
		{D8098CEC-4DE4-4B57-8899-B53FB34324C6}.32bits|x86.Build.0 = 32bits|x86
		{D8098CEC-4DE4-4B57-8899-B53FB34324C6}.Debug|Any CPU.ActiveCfg = Debug|Any CPU
		{D8098CEC-4DE4-4B57-8899-B53FB34324C6}.Debug|Any CPU.Build.0 = Debug|Any CPU
		{D8098CEC-4DE4-4B57-8899-B53FB34324C6}.Debug|ARM32.ActiveCfg = Debug|ARM32
		{D8098CEC-4DE4-4B57-8899-B53FB34324C6}.Debug|ARM32.Build.0 = Debug|ARM32
		{D8098CEC-4DE4-4B57-8899-B53FB34324C6}.Debug|x86.ActiveCfg = Debug|x86
		{D8098CEC-4DE4-4B57-8899-B53FB34324C6}.Debug|x86.Build.0 = Debug|x86
		{D8098CEC-4DE4-4B57-8899-B53FB34324C6}.Release|Any CPU.ActiveCfg = Release|Any CPU
		{D8098CEC-4DE4-4B57-8899-B53FB34324C6}.Release|Any CPU.Build.0 = Release|Any CPU
		{D8098CEC-4DE4-4B57-8899-B53FB34324C6}.Release|ARM32.ActiveCfg = Release|ARM32
		{D8098CEC-4DE4-4B57-8899-B53FB34324C6}.Release|ARM32.Build.0 = Release|ARM32
		{D8098CEC-4DE4-4B57-8899-B53FB34324C6}.Release|x86.ActiveCfg = Release|x86
		{D8098CEC-4DE4-4B57-8899-B53FB34324C6}.Release|x86.Build.0 = Release|x86
		{D8098CEC-4DE4-4B57-8899-B53FB34324C6}.X86|Any CPU.ActiveCfg = X86|Any CPU
		{D8098CEC-4DE4-4B57-8899-B53FB34324C6}.X86|Any CPU.Build.0 = X86|Any CPU
		{D8098CEC-4DE4-4B57-8899-B53FB34324C6}.X86|ARM32.ActiveCfg = X86|ARM32
		{D8098CEC-4DE4-4B57-8899-B53FB34324C6}.X86|ARM32.Build.0 = X86|ARM32
		{D8098CEC-4DE4-4B57-8899-B53FB34324C6}.X86|x86.ActiveCfg = X86|x86
		{D8098CEC-4DE4-4B57-8899-B53FB34324C6}.X86|x86.Build.0 = X86|x86
		{B8F85D10-1CFE-4571-9C88-52290BA2A86C}.32bits|Any CPU.ActiveCfg = Debug|Any CPU
		{B8F85D10-1CFE-4571-9C88-52290BA2A86C}.32bits|Any CPU.Build.0 = Debug|Any CPU
		{B8F85D10-1CFE-4571-9C88-52290BA2A86C}.32bits|ARM32.ActiveCfg = Debug|Any CPU
		{B8F85D10-1CFE-4571-9C88-52290BA2A86C}.32bits|ARM32.Build.0 = Debug|Any CPU
		{B8F85D10-1CFE-4571-9C88-52290BA2A86C}.32bits|x86.ActiveCfg = Debug|Any CPU
		{B8F85D10-1CFE-4571-9C88-52290BA2A86C}.32bits|x86.Build.0 = Debug|Any CPU
		{B8F85D10-1CFE-4571-9C88-52290BA2A86C}.Debug|Any CPU.ActiveCfg = Debug|Any CPU
		{B8F85D10-1CFE-4571-9C88-52290BA2A86C}.Debug|Any CPU.Build.0 = Debug|Any CPU
		{B8F85D10-1CFE-4571-9C88-52290BA2A86C}.Debug|ARM32.ActiveCfg = Debug|Any CPU
		{B8F85D10-1CFE-4571-9C88-52290BA2A86C}.Debug|ARM32.Build.0 = Debug|Any CPU
		{B8F85D10-1CFE-4571-9C88-52290BA2A86C}.Debug|x86.ActiveCfg = Debug|Any CPU
		{B8F85D10-1CFE-4571-9C88-52290BA2A86C}.Debug|x86.Build.0 = Debug|Any CPU
		{B8F85D10-1CFE-4571-9C88-52290BA2A86C}.Release|Any CPU.ActiveCfg = Release|Any CPU
		{B8F85D10-1CFE-4571-9C88-52290BA2A86C}.Release|Any CPU.Build.0 = Release|Any CPU
		{B8F85D10-1CFE-4571-9C88-52290BA2A86C}.Release|ARM32.ActiveCfg = Release|Any CPU
		{B8F85D10-1CFE-4571-9C88-52290BA2A86C}.Release|ARM32.Build.0 = Release|Any CPU
		{B8F85D10-1CFE-4571-9C88-52290BA2A86C}.Release|x86.ActiveCfg = Release|Any CPU
		{B8F85D10-1CFE-4571-9C88-52290BA2A86C}.Release|x86.Build.0 = Release|Any CPU
		{B8F85D10-1CFE-4571-9C88-52290BA2A86C}.X86|Any CPU.ActiveCfg = Debug|Any CPU
		{B8F85D10-1CFE-4571-9C88-52290BA2A86C}.X86|Any CPU.Build.0 = Debug|Any CPU
		{B8F85D10-1CFE-4571-9C88-52290BA2A86C}.X86|ARM32.ActiveCfg = Debug|Any CPU
		{B8F85D10-1CFE-4571-9C88-52290BA2A86C}.X86|ARM32.Build.0 = Debug|Any CPU
		{B8F85D10-1CFE-4571-9C88-52290BA2A86C}.X86|x86.ActiveCfg = Debug|Any CPU
		{B8F85D10-1CFE-4571-9C88-52290BA2A86C}.X86|x86.Build.0 = Debug|Any CPU
		{E7E4678F-C18B-461F-BD5C-22C83E2D73C4}.32bits|Any CPU.ActiveCfg = Debug|Any CPU
		{E7E4678F-C18B-461F-BD5C-22C83E2D73C4}.32bits|Any CPU.Build.0 = Debug|Any CPU
		{E7E4678F-C18B-461F-BD5C-22C83E2D73C4}.32bits|ARM32.ActiveCfg = Debug|Any CPU
		{E7E4678F-C18B-461F-BD5C-22C83E2D73C4}.32bits|ARM32.Build.0 = Debug|Any CPU
		{E7E4678F-C18B-461F-BD5C-22C83E2D73C4}.32bits|x86.ActiveCfg = Debug|Any CPU
		{E7E4678F-C18B-461F-BD5C-22C83E2D73C4}.32bits|x86.Build.0 = Debug|Any CPU
		{E7E4678F-C18B-461F-BD5C-22C83E2D73C4}.Debug|Any CPU.ActiveCfg = Debug|Any CPU
		{E7E4678F-C18B-461F-BD5C-22C83E2D73C4}.Debug|Any CPU.Build.0 = Debug|Any CPU
		{E7E4678F-C18B-461F-BD5C-22C83E2D73C4}.Debug|ARM32.ActiveCfg = Debug|Any CPU
		{E7E4678F-C18B-461F-BD5C-22C83E2D73C4}.Debug|ARM32.Build.0 = Debug|Any CPU
		{E7E4678F-C18B-461F-BD5C-22C83E2D73C4}.Debug|x86.ActiveCfg = Debug|Any CPU
		{E7E4678F-C18B-461F-BD5C-22C83E2D73C4}.Debug|x86.Build.0 = Debug|Any CPU
		{E7E4678F-C18B-461F-BD5C-22C83E2D73C4}.Release|Any CPU.ActiveCfg = Release|Any CPU
		{E7E4678F-C18B-461F-BD5C-22C83E2D73C4}.Release|Any CPU.Build.0 = Release|Any CPU
		{E7E4678F-C18B-461F-BD5C-22C83E2D73C4}.Release|ARM32.ActiveCfg = Release|Any CPU
		{E7E4678F-C18B-461F-BD5C-22C83E2D73C4}.Release|ARM32.Build.0 = Release|Any CPU
		{E7E4678F-C18B-461F-BD5C-22C83E2D73C4}.Release|x86.ActiveCfg = Release|Any CPU
		{E7E4678F-C18B-461F-BD5C-22C83E2D73C4}.Release|x86.Build.0 = Release|Any CPU
		{E7E4678F-C18B-461F-BD5C-22C83E2D73C4}.X86|Any CPU.ActiveCfg = Debug|Any CPU
		{E7E4678F-C18B-461F-BD5C-22C83E2D73C4}.X86|Any CPU.Build.0 = Debug|Any CPU
		{E7E4678F-C18B-461F-BD5C-22C83E2D73C4}.X86|ARM32.ActiveCfg = Debug|Any CPU
		{E7E4678F-C18B-461F-BD5C-22C83E2D73C4}.X86|ARM32.Build.0 = Debug|Any CPU
		{E7E4678F-C18B-461F-BD5C-22C83E2D73C4}.X86|x86.ActiveCfg = Debug|Any CPU
		{E7E4678F-C18B-461F-BD5C-22C83E2D73C4}.X86|x86.Build.0 = Debug|Any CPU
		{87EFE9CA-3E1A-4602-9B6D-2B638764C75E}.32bits|Any CPU.ActiveCfg = Debug|Any CPU
		{87EFE9CA-3E1A-4602-9B6D-2B638764C75E}.32bits|Any CPU.Build.0 = Debug|Any CPU
		{87EFE9CA-3E1A-4602-9B6D-2B638764C75E}.32bits|ARM32.ActiveCfg = Debug|Any CPU
		{87EFE9CA-3E1A-4602-9B6D-2B638764C75E}.32bits|ARM32.Build.0 = Debug|Any CPU
		{87EFE9CA-3E1A-4602-9B6D-2B638764C75E}.32bits|x86.ActiveCfg = Debug|Any CPU
		{87EFE9CA-3E1A-4602-9B6D-2B638764C75E}.32bits|x86.Build.0 = Debug|Any CPU
		{87EFE9CA-3E1A-4602-9B6D-2B638764C75E}.Debug|Any CPU.ActiveCfg = Debug|Any CPU
		{87EFE9CA-3E1A-4602-9B6D-2B638764C75E}.Debug|Any CPU.Build.0 = Debug|Any CPU
		{87EFE9CA-3E1A-4602-9B6D-2B638764C75E}.Debug|ARM32.ActiveCfg = Debug|Any CPU
		{87EFE9CA-3E1A-4602-9B6D-2B638764C75E}.Debug|ARM32.Build.0 = Debug|Any CPU
		{87EFE9CA-3E1A-4602-9B6D-2B638764C75E}.Debug|x86.ActiveCfg = Debug|Any CPU
		{87EFE9CA-3E1A-4602-9B6D-2B638764C75E}.Debug|x86.Build.0 = Debug|Any CPU
		{87EFE9CA-3E1A-4602-9B6D-2B638764C75E}.Release|Any CPU.ActiveCfg = Release|Any CPU
		{87EFE9CA-3E1A-4602-9B6D-2B638764C75E}.Release|Any CPU.Build.0 = Release|Any CPU
		{87EFE9CA-3E1A-4602-9B6D-2B638764C75E}.Release|ARM32.ActiveCfg = Release|Any CPU
		{87EFE9CA-3E1A-4602-9B6D-2B638764C75E}.Release|ARM32.Build.0 = Release|Any CPU
		{87EFE9CA-3E1A-4602-9B6D-2B638764C75E}.Release|x86.ActiveCfg = Release|Any CPU
		{87EFE9CA-3E1A-4602-9B6D-2B638764C75E}.Release|x86.Build.0 = Release|Any CPU
		{87EFE9CA-3E1A-4602-9B6D-2B638764C75E}.X86|Any CPU.ActiveCfg = Debug|Any CPU
		{87EFE9CA-3E1A-4602-9B6D-2B638764C75E}.X86|Any CPU.Build.0 = Debug|Any CPU
		{87EFE9CA-3E1A-4602-9B6D-2B638764C75E}.X86|ARM32.ActiveCfg = Debug|Any CPU
		{87EFE9CA-3E1A-4602-9B6D-2B638764C75E}.X86|ARM32.Build.0 = Debug|Any CPU
		{87EFE9CA-3E1A-4602-9B6D-2B638764C75E}.X86|x86.ActiveCfg = Debug|Any CPU
		{87EFE9CA-3E1A-4602-9B6D-2B638764C75E}.X86|x86.Build.0 = Debug|Any CPU
	EndGlobalSection
	GlobalSection(SolutionProperties) = preSolution
		HideSolutionNode = FALSE
	EndGlobalSection
	GlobalSection(ExtensibilityGlobals) = postSolution
		SolutionGuid = {87828E08-413A-4549-BEE6-1D0ACAAF512F}
	EndGlobalSection
EndGlobal
