
Microsoft Visual Studio Solution File, Format Version 12.00
# Visual Studio Version 17
VisualStudioVersion = 17.4.33205.214
MinimumVisualStudioVersion = 10.0.40219.1
Project("{FAE04EC0-301F-11D3-BF4B-00C04F79EFBC}") = "Macro CNC", "Macro CNC.csproj", "{621348F8-6F1E-4F5B-936A-13AA55E6AC06}"
EndProject
Global
	GlobalSection(SolutionConfigurationPlatforms) = preSolution
		Debug|Any CPU = Debug|Any CPU
		Release|Any CPU = Release|Any CPU
	EndGlobalSection
	GlobalSection(ProjectConfigurationPlatforms) = postSolution
		{621348F8-6F1E-4F5B-936A-13AA55E6AC06}.Debug|Any CPU.ActiveCfg = Debug|Any CPU
		{621348F8-6F1E-4F5B-936A-13AA55E6AC06}.Debug|Any CPU.Build.0 = Debug|Any CPU
		{621348F8-6F1E-4F5B-936A-13AA55E6AC06}.Release|Any CPU.ActiveCfg = Release|Any CPU
		{621348F8-6F1E-4F5B-936A-13AA55E6AC06}.Release|Any CPU.Build.0 = Release|Any CPU
	EndGlobalSection
	GlobalSection(SolutionProperties) = preSolution
		HideSolutionNode = FALSE
	EndGlobalSection
	GlobalSection(ExtensibilityGlobals) = postSolution
		SolutionGuid = {87828E08-413A-4549-BEE6-1D0ACAAF512F}
	EndGlobalSection
EndGlobal
